
Microsoft Visual Studio Solution File, Format Version 12.00
# Visual Studio Version 16
VisualStudioVersion = 16.0.30002.166
MinimumVisualStudioVersion = 10.0.40219.1
Project("{FAE04EC0-301F-11D3-BF4B-00C04F79EFBC}") = "MOZGAMAR", "MOZGAMAR\MOZGAMAR.csproj", "{9F2D1931-A392-4E6D-B379-F2C3AF18CEDF}"
EndProject
Project("{FAE04EC0-301F-11D3-BF4B-00C04F79EFBC}") = "EFDBAcess", "EFDBAcess\EFDBAcess.csproj", "{6CF8F378-047F-4A93-A3D1-6A964970C1A5}"
EndProject
Project("{FAE04EC0-301F-11D3-BF4B-00C04F79EFBC}") = "Domain", "Domain\Domain.csproj", "{31DDD02F-F283-43D0-BB3A-22B63C9F3968}"
EndProject
Global
	GlobalSection(SolutionConfigurationPlatforms) = preSolution
		Debug|Any CPU = Debug|Any CPU
		Release|Any CPU = Release|Any CPU
	EndGlobalSection
	GlobalSection(ProjectConfigurationPlatforms) = postSolution
		{9F2D1931-A392-4E6D-B379-F2C3AF18CEDF}.Debug|Any CPU.ActiveCfg = Debug|Any CPU
		{9F2D1931-A392-4E6D-B379-F2C3AF18CEDF}.Debug|Any CPU.Build.0 = Debug|Any CPU
		{9F2D1931-A392-4E6D-B379-F2C3AF18CEDF}.Release|Any CPU.ActiveCfg = Release|Any CPU
		{9F2D1931-A392-4E6D-B379-F2C3AF18CEDF}.Release|Any CPU.Build.0 = Release|Any CPU
		{6CF8F378-047F-4A93-A3D1-6A964970C1A5}.Debug|Any CPU.ActiveCfg = Debug|Any CPU
		{6CF8F378-047F-4A93-A3D1-6A964970C1A5}.Debug|Any CPU.Build.0 = Debug|Any CPU
		{6CF8F378-047F-4A93-A3D1-6A964970C1A5}.Release|Any CPU.ActiveCfg = Release|Any CPU
		{6CF8F378-047F-4A93-A3D1-6A964970C1A5}.Release|Any CPU.Build.0 = Release|Any CPU
		{31DDD02F-F283-43D0-BB3A-22B63C9F3968}.Debug|Any CPU.ActiveCfg = Debug|Any CPU
		{31DDD02F-F283-43D0-BB3A-22B63C9F3968}.Debug|Any CPU.Build.0 = Debug|Any CPU
		{31DDD02F-F283-43D0-BB3A-22B63C9F3968}.Release|Any CPU.ActiveCfg = Release|Any CPU
		{31DDD02F-F283-43D0-BB3A-22B63C9F3968}.Release|Any CPU.Build.0 = Release|Any CPU
	EndGlobalSection
	GlobalSection(SolutionProperties) = preSolution
		HideSolutionNode = FALSE
	EndGlobalSection
	GlobalSection(ExtensibilityGlobals) = postSolution
		SolutionGuid = {D6B13B9B-1476-4109-B568-F78D3CD724CE}
	EndGlobalSection
EndGlobal
